
Microsoft Visual Studio Solution File, Format Version 12.00
# Visual Studio Version 16
VisualStudioVersion = 25.0.1703.8
MinimumVisualStudioVersion = 10.0.40219.1
Project("{FAE04EC0-301F-11D3-BF4B-00C04F79EFBC}") = "user-search", "user-search\user-search.csproj", "{B13121E8-8F56-412A-AD8E-E5242D509025}"
EndProject
Project("{FAE04EC0-301F-11D3-BF4B-00C04F79EFBC}") = "user-signup", "user-signup\user-signup.csproj", "{A95E6B66-F63B-4610-AD7B-0C9F7A8C9C96}"
EndProject
Project("{FAE04EC0-301F-11D3-BF4B-00C04F79EFBC}") = "user-view", "user-view\user-view.csproj", "{4CD431AD-5D9A-4C1C-93BD-3B63BFBFC771}"
EndProject
Project("{2150E333-8FDC-42A3-9474-1A3956D46DE8}") = "Solution Items", "Solution Items", "{E2D06F8E-080C-4782-A3DA-E8D28A3372B0}"
	ProjectSection(SolutionItems) = preProject
		tye.yaml = tye.yaml
	EndProjectSection
EndProject
Project("{FAE04EC0-301F-11D3-BF4B-00C04F79EFBC}") = "user-data", "user-data\user-data.csproj", "{3A5214FC-A4E1-4BB1-A2E0-88EE6C4315B2}"
EndProject
Global
	GlobalSection(SolutionConfigurationPlatforms) = preSolution
		Debug|Any CPU = Debug|Any CPU
		Release|Any CPU = Release|Any CPU
	EndGlobalSection
	GlobalSection(ProjectConfigurationPlatforms) = postSolution
		{B13121E8-8F56-412A-AD8E-E5242D509025}.Debug|Any CPU.ActiveCfg = Debug|Any CPU
		{B13121E8-8F56-412A-AD8E-E5242D509025}.Debug|Any CPU.Build.0 = Debug|Any CPU
		{B13121E8-8F56-412A-AD8E-E5242D509025}.Release|Any CPU.ActiveCfg = Release|Any CPU
		{B13121E8-8F56-412A-AD8E-E5242D509025}.Release|Any CPU.Build.0 = Release|Any CPU
		{A95E6B66-F63B-4610-AD7B-0C9F7A8C9C96}.Debug|Any CPU.ActiveCfg = Debug|Any CPU
		{A95E6B66-F63B-4610-AD7B-0C9F7A8C9C96}.Debug|Any CPU.Build.0 = Debug|Any CPU
		{A95E6B66-F63B-4610-AD7B-0C9F7A8C9C96}.Release|Any CPU.ActiveCfg = Release|Any CPU
		{A95E6B66-F63B-4610-AD7B-0C9F7A8C9C96}.Release|Any CPU.Build.0 = Release|Any CPU
		{4CD431AD-5D9A-4C1C-93BD-3B63BFBFC771}.Debug|Any CPU.ActiveCfg = Debug|Any CPU
		{4CD431AD-5D9A-4C1C-93BD-3B63BFBFC771}.Debug|Any CPU.Build.0 = Debug|Any CPU
		{4CD431AD-5D9A-4C1C-93BD-3B63BFBFC771}.Release|Any CPU.ActiveCfg = Release|Any CPU
		{4CD431AD-5D9A-4C1C-93BD-3B63BFBFC771}.Release|Any CPU.Build.0 = Release|Any CPU
		{3A5214FC-A4E1-4BB1-A2E0-88EE6C4315B2}.Debug|Any CPU.ActiveCfg = Debug|Any CPU
		{3A5214FC-A4E1-4BB1-A2E0-88EE6C4315B2}.Debug|Any CPU.Build.0 = Debug|Any CPU
		{3A5214FC-A4E1-4BB1-A2E0-88EE6C4315B2}.Release|Any CPU.ActiveCfg = Release|Any CPU
		{3A5214FC-A4E1-4BB1-A2E0-88EE6C4315B2}.Release|Any CPU.Build.0 = Release|Any CPU
	EndGlobalSection
	GlobalSection(SolutionProperties) = preSolution
		HideSolutionNode = FALSE
	EndGlobalSection
	GlobalSection(ExtensibilityGlobals) = postSolution
		SolutionGuid = {C78C7F65-C399-40F7-89FE-D56A22890147}
	EndGlobalSection
EndGlobal
